
Microsoft Visual Studio Solution File, Format Version 12.00
# Visual Studio Version 17
VisualStudioVersion = 17.11.35219.272
MinimumVisualStudioVersion = 10.0.40219.1
Project("{FAE04EC0-301F-11D3-BF4B-00C04F79EFBC}") = "ExpensesTracker", "ExpensesTracker\ExpensesTracker.csproj", "{59AB1576-74E2-48DE-A515-310FC47FA0D3}"
EndProject
Global
	GlobalSection(SolutionConfigurationPlatforms) = preSolution
		Debug|Any CPU = Debug|Any CPU
		Release|Any CPU = Release|Any CPU
	EndGlobalSection
	GlobalSection(ProjectConfigurationPlatforms) = postSolution
		{59AB1576-74E2-48DE-A515-310FC47FA0D3}.Debug|Any CPU.ActiveCfg = Debug|Any CPU
		{59AB1576-74E2-48DE-A515-310FC47FA0D3}.Debug|Any CPU.Build.0 = Debug|Any CPU
		{59AB1576-74E2-48DE-A515-310FC47FA0D3}.Release|Any CPU.ActiveCfg = Release|Any CPU
		{59AB1576-74E2-48DE-A515-310FC47FA0D3}.Release|Any CPU.Build.0 = Release|Any CPU
	EndGlobalSection
	GlobalSection(SolutionProperties) = preSolution
		HideSolutionNode = FALSE
	EndGlobalSection
	GlobalSection(ExtensibilityGlobals) = postSolution
		SolutionGuid = {9597EC1C-13C4-4295-AFA2-EE921ADF2E93}
	EndGlobalSection
EndGlobal
